// !$*UTF8*$!
{
	archiveVersion = 1;
	classes = {
	};
	objectVersion = 48;
	objects = {

/* Begin PBXBuildFile section */
		A7FA244AD84E6668A26D6FCC /* Pods_SingaporePSI.framework in Frameworks */ = {isa = PBXBuildFile; fileRef = 6DC3B02F8148EC939505CF66 /* Pods_SingaporePSI.framework */; };
		ACB4D71C1FF7AE7F009BEAA5 /* Config.swift in Sources */ = {isa = PBXBuildFile; fileRef = ACB4D71B1FF7AE7F009BEAA5 /* Config.swift */; };
		ACB4D7201FF7B25E009BEAA5 /* RequestProtocol.swift in Sources */ = {isa = PBXBuildFile; fileRef = ACB4D71F1FF7B25E009BEAA5 /* RequestProtocol.swift */; };
		ACC3DFE61FF79DB6006FE429 /* AppDelegate.swift in Sources */ = {isa = PBXBuildFile; fileRef = ACC3DFE51FF79DB6006FE429 /* AppDelegate.swift */; };
		ACC3DFE81FF79DB6006FE429 /* ViewController.swift in Sources */ = {isa = PBXBuildFile; fileRef = ACC3DFE71FF79DB6006FE429 /* ViewController.swift */; };
		ACC3DFEB1FF79DB6006FE429 /* Main.storyboard in Resources */ = {isa = PBXBuildFile; fileRef = ACC3DFE91FF79DB6006FE429 /* Main.storyboard */; };
		ACC3DFED1FF79DB6006FE429 /* Assets.xcassets in Resources */ = {isa = PBXBuildFile; fileRef = ACC3DFEC1FF79DB6006FE429 /* Assets.xcassets */; };
		ACC3DFF01FF79DB6006FE429 /* LaunchScreen.storyboard in Resources */ = {isa = PBXBuildFile; fileRef = ACC3DFEE1FF79DB6006FE429 /* LaunchScreen.storyboard */; };
/* End PBXBuildFile section */

/* Begin PBXFileReference section */
		6DC3B02F8148EC939505CF66 /* Pods_SingaporePSI.framework */ = {isa = PBXFileReference; explicitFileType = wrapper.framework; includeInIndex = 0; path = Pods_SingaporePSI.framework; sourceTree = BUILT_PRODUCTS_DIR; };
		ACB4D71B1FF7AE7F009BEAA5 /* Config.swift */ = {isa = PBXFileReference; lastKnownFileType = sourcecode.swift; path = Config.swift; sourceTree = "<group>"; };
		ACB4D71F1FF7B25E009BEAA5 /* RequestProtocol.swift */ = {isa = PBXFileReference; lastKnownFileType = sourcecode.swift; path = RequestProtocol.swift; sourceTree = "<group>"; };
		ACC3DFE21FF79DB6006FE429 /* SingaporePSI.app */ = {isa = PBXFileReference; explicitFileType = wrapper.application; includeInIndex = 0; path = SingaporePSI.app; sourceTree = BUILT_PRODUCTS_DIR; };
		ACC3DFE51FF79DB6006FE429 /* AppDelegate.swift */ = {isa = PBXFileReference; lastKnownFileType = sourcecode.swift; path = AppDelegate.swift; sourceTree = "<group>"; };
		ACC3DFE71FF79DB6006FE429 /* ViewController.swift */ = {isa = PBXFileReference; lastKnownFileType = sourcecode.swift; path = ViewController.swift; sourceTree = "<group>"; };
		ACC3DFEA1FF79DB6006FE429 /* Base */ = {isa = PBXFileReference; lastKnownFileType = file.storyboard; name = Base; path = Base.lproj/Main.storyboard; sourceTree = "<group>"; };
		ACC3DFEC1FF79DB6006FE429 /* Assets.xcassets */ = {isa = PBXFileReference; lastKnownFileType = folder.assetcatalog; path = Assets.xcassets; sourceTree = "<group>"; };
		ACC3DFEF1FF79DB6006FE429 /* Base */ = {isa = PBXFileReference; lastKnownFileType = file.storyboard; name = Base; path = Base.lproj/LaunchScreen.storyboard; sourceTree = "<group>"; };
		ACC3DFF11FF79DB6006FE429 /* Info.plist */ = {isa = PBXFileReference; lastKnownFileType = text.plist.xml; path = Info.plist; sourceTree = "<group>"; };
		DA4E60E0875FD7648F0FB994 /* Pods-SingaporePSI.debug.xcconfig */ = {isa = PBXFileReference; includeInIndex = 1; lastKnownFileType = text.xcconfig; name = "Pods-SingaporePSI.debug.xcconfig"; path = "Pods/Target Support Files/Pods-SingaporePSI/Pods-SingaporePSI.debug.xcconfig"; sourceTree = "<group>"; };
		F50E655A8B1A1D51E36345B1 /* Pods-SingaporePSI.release.xcconfig */ = {isa = PBXFileReference; includeInIndex = 1; lastKnownFileType = text.xcconfig; name = "Pods-SingaporePSI.release.xcconfig"; path = "Pods/Target Support Files/Pods-SingaporePSI/Pods-SingaporePSI.release.xcconfig"; sourceTree = "<group>"; };
/* End PBXFileReference section */

/* Begin PBXFrameworksBuildPhase section */
		ACC3DFDF1FF79DB6006FE429 /* Frameworks */ = {
			isa = PBXFrameworksBuildPhase;
			buildActionMask = 2147483647;
			files = (
				A7FA244AD84E6668A26D6FCC /* Pods_SingaporePSI.framework in Frameworks */,
			);
			runOnlyForDeploymentPostprocessing = 0;
		};
/* End PBXFrameworksBuildPhase section */

/* Begin PBXGroup section */
		2DEC24C55C69F448D85D7043 /* Pods */ = {
			isa = PBXGroup;
			children = (
				DA4E60E0875FD7648F0FB994 /* Pods-SingaporePSI.debug.xcconfig */,
				F50E655A8B1A1D51E36345B1 /* Pods-SingaporePSI.release.xcconfig */,
			);
			name = Pods;
			sourceTree = "<group>";
		};
		70D2784978FE5DEBE8DCAEB8 /* Frameworks */ = {
			isa = PBXGroup;
			children = (
				6DC3B02F8148EC939505CF66 /* Pods_SingaporePSI.framework */,
			);
			name = Frameworks;
			sourceTree = "<group>";
		};
		ACB4D7121FF7AA96009BEAA5 /* Controller */ = {
			isa = PBXGroup;
			children = (
				ACC3DFE71FF79DB6006FE429 /* ViewController.swift */,
			);
			path = Controller;
			sourceTree = "<group>";
		};
		ACB4D7131FF7AAA5009BEAA5 /* View */ = {
			isa = PBXGroup;
			children = (
			);
			path = View;
			sourceTree = "<group>";
		};
		ACB4D7141FF7AAAD009BEAA5 /* Model */ = {
			isa = PBXGroup;
			children = (
			);
			path = Model;
			sourceTree = "<group>";
		};
		ACB4D7151FF7AACA009BEAA5 /* Storyboard */ = {
			isa = PBXGroup;
			children = (
				ACC3DFE91FF79DB6006FE429 /* Main.storyboard */,
				ACC3DFEE1FF79DB6006FE429 /* LaunchScreen.storyboard */,
			);
			path = Storyboard;
			sourceTree = "<group>";
		};
		ACB4D71A1FF7AE68009BEAA5 /* Config */ = {
			isa = PBXGroup;
			children = (
				ACB4D71B1FF7AE7F009BEAA5 /* Config.swift */,
			);
			path = Config;
			sourceTree = "<group>";
		};
		ACB4D71E1FF7B24A009BEAA5 /* Network */ = {
			isa = PBXGroup;
			children = (
				ACB4D71F1FF7B25E009BEAA5 /* RequestProtocol.swift */,
			);
			path = Network;
			sourceTree = "<group>";
		};
		ACC3DFD91FF79DB6006FE429 = {
			isa = PBXGroup;
			children = (
				ACC3DFE41FF79DB6006FE429 /* SingaporePSI */,
				ACC3DFE31FF79DB6006FE429 /* Products */,
				2DEC24C55C69F448D85D7043 /* Pods */,
				70D2784978FE5DEBE8DCAEB8 /* Frameworks */,
			);
			sourceTree = "<group>";
		};
		ACC3DFE31FF79DB6006FE429 /* Products */ = {
			isa = PBXGroup;
			children = (
				ACC3DFE21FF79DB6006FE429 /* SingaporePSI.app */,
			);
			name = Products;
			sourceTree = "<group>";
		};
		ACC3DFE41FF79DB6006FE429 /* SingaporePSI */ = {
			isa = PBXGroup;
			children = (
				ACB4D71E1FF7B24A009BEAA5 /* Network */,
				ACB4D71A1FF7AE68009BEAA5 /* Config */,
				ACB4D7151FF7AACA009BEAA5 /* Storyboard */,
				ACB4D7141FF7AAAD009BEAA5 /* Model */,
				ACB4D7131FF7AAA5009BEAA5 /* View */,
				ACB4D7121FF7AA96009BEAA5 /* Controller */,
				ACC3DFE51FF79DB6006FE429 /* AppDelegate.swift */,
				ACC3DFEC1FF79DB6006FE429 /* Assets.xcassets */,
				ACC3DFF11FF79DB6006FE429 /* Info.plist */,
			);
			path = SingaporePSI;
			sourceTree = "<group>";
		};
/* End PBXGroup section */

/* Begin PBXNativeTarget section */
		ACC3DFE11FF79DB6006FE429 /* SingaporePSI */ = {
			isa = PBXNativeTarget;
			buildConfigurationList = ACC3DFF41FF79DB6006FE429 /* Build configuration list for PBXNativeTarget "SingaporePSI" */;
			buildPhases = (
				F7E389FD4B338E68B1DCB952 /* [CP] Check Pods Manifest.lock */,
				ACC3DFDE1FF79DB6006FE429 /* Sources */,
				ACC3DFDF1FF79DB6006FE429 /* Frameworks */,
				ACC3DFE01FF79DB6006FE429 /* Resources */,
				896B3E47ADC62E645E31C18D /* [CP] Embed Pods Frameworks */,
				7EBAAECD168A4D7A163AD2AB /* [CP] Copy Pods Resources */,
			);
			buildRules = (
			);
			dependencies = (
			);
			name = SingaporePSI;
			productName = SingaporePSI;
			productReference = ACC3DFE21FF79DB6006FE429 /* SingaporePSI.app */;
			productType = "com.apple.product-type.application";
		};
/* End PBXNativeTarget section */

/* Begin PBXProject section */
		ACC3DFDA1FF79DB6006FE429 /* Project object */ = {
			isa = PBXProject;
			attributes = {
				LastSwiftUpdateCheck = 0920;
				LastUpgradeCheck = 0920;
				ORGANIZATIONNAME = "Mario Antonio Cape";
				TargetAttributes = {
					ACC3DFE11FF79DB6006FE429 = {
						CreatedOnToolsVersion = 9.2;
						ProvisioningStyle = Automatic;
					};
				};
			};
			buildConfigurationList = ACC3DFDD1FF79DB6006FE429 /* Build configuration list for PBXProject "SingaporePSI" */;
			compatibilityVersion = "Xcode 8.0";
			developmentRegion = en;
			hasScannedForEncodings = 0;
			knownRegions = (
				en,
				Base,
			);
			mainGroup = ACC3DFD91FF79DB6006FE429;
			productRefGroup = ACC3DFE31FF79DB6006FE429 /* Products */;
			projectDirPath = "";
			projectRoot = "";
			targets = (
				ACC3DFE11FF79DB6006FE429 /* SingaporePSI */,
			);
		};
/* End PBXProject section */

/* Begin PBXResourcesBuildPhase section */
		ACC3DFE01FF79DB6006FE429 /* Resources */ = {
			isa = PBXResourcesBuildPhase;
			buildActionMask = 2147483647;
			files = (
				ACC3DFF01FF79DB6006FE429 /* LaunchScreen.storyboard in Resources */,
				ACC3DFED1FF79DB6006FE429 /* Assets.xcassets in Resources */,
				ACC3DFEB1FF79DB6006FE429 /* Main.storyboard in Resources */,
			);
			runOnlyForDeploymentPostprocessing = 0;
		};
/* End PBXResourcesBuildPhase section */

/* Begin PBXShellScriptBuildPhase section */
		7EBAAECD168A4D7A163AD2AB /* [CP] Copy Pods Resources */ = {
			isa = PBXShellScriptBuildPhase;
			buildActionMask = 2147483647;
			files = (
			);
			inputPaths = (
				"${SRCROOT}/Pods/Target Support Files/Pods-SingaporePSI/Pods-SingaporePSI-resources.sh",
				"${PODS_ROOT}/GoogleMaps/Maps/Frameworks/GoogleMaps.framework/Resources/GoogleMaps.bundle",
			);
			name = "[CP] Copy Pods Resources";
			outputPaths = (
				"${TARGET_BUILD_DIR}/${UNLOCALIZED_RESOURCES_FOLDER_PATH}",
			);
			runOnlyForDeploymentPostprocessing = 0;
			shellPath = /bin/sh;
			shellScript = "\"${SRCROOT}/Pods/Target Support Files/Pods-SingaporePSI/Pods-SingaporePSI-resources.sh\"\n";
			showEnvVarsInLog = 0;
		};
		896B3E47ADC62E645E31C18D /* [CP] Embed Pods Frameworks */ = {
			isa = PBXShellScriptBuildPhase;
			buildActionMask = 2147483647;
			files = (
			);
			inputPaths = (
				"${SRCROOT}/Pods/Target Support Files/Pods-SingaporePSI/Pods-SingaporePSI-frameworks.sh",
				"${BUILT_PRODUCTS_DIR}/Alamofire/Alamofire.framework",
				"${BUILT_PRODUCTS_DIR}/SwiftyJSON/SwiftyJSON.framework",
			);
			name = "[CP] Embed Pods Frameworks";
			outputPaths = (
				"${TARGET_BUILD_DIR}/${FRAMEWORKS_FOLDER_PATH}/Alamofire.framework",
				"${TARGET_BUILD_DIR}/${FRAMEWORKS_FOLDER_PATH}/SwiftyJSON.framework",
			);
			runOnlyForDeploymentPostprocessing = 0;
			shellPath = /bin/sh;
			shellScript = "\"${SRCROOT}/Pods/Target Support Files/Pods-SingaporePSI/Pods-SingaporePSI-frameworks.sh\"\n";
			showEnvVarsInLog = 0;
		};
		F7E389FD4B338E68B1DCB952 /* [CP] Check Pods Manifest.lock */ = {
			isa = PBXShellScriptBuildPhase;
			buildActionMask = 2147483647;
			files = (
			);
			inputPaths = (
				"${PODS_PODFILE_DIR_PATH}/Podfile.lock",
				"${PODS_ROOT}/Manifest.lock",
			);
			name = "[CP] Check Pods Manifest.lock";
			outputPaths = (
				"$(DERIVED_FILE_DIR)/Pods-SingaporePSI-checkManifestLockResult.txt",
			);
			runOnlyForDeploymentPostprocessing = 0;
			shellPath = /bin/sh;
			shellScript = "diff \"${PODS_PODFILE_DIR_PATH}/Podfile.lock\" \"${PODS_ROOT}/Manifest.lock\" > /dev/null\nif [ $? != 0 ] ; then\n    # print error to STDERR\n    echo \"error: The sandbox is not in sync with the Podfile.lock. Run 'pod install' or update your CocoaPods installation.\" >&2\n    exit 1\nfi\n# This output is used by Xcode 'outputs' to avoid re-running this script phase.\necho \"SUCCESS\" > \"${SCRIPT_OUTPUT_FILE_0}\"\n";
			showEnvVarsInLog = 0;
		};
/* End PBXShellScriptBuildPhase section */

/* Begin PBXSourcesBuildPhase section */
		ACC3DFDE1FF79DB6006FE429 /* Sources */ = {
			isa = PBXSourcesBuildPhase;
			buildActionMask = 2147483647;
			files = (
				ACB4D71C1FF7AE7F009BEAA5 /* Config.swift in Sources */,
				ACB4D7201FF7B25E009BEAA5 /* RequestProtocol.swift in Sources */,
				ACC3DFE81FF79DB6006FE429 /* ViewController.swift in Sources */,
				ACC3DFE61FF79DB6006FE429 /* AppDelegate.swift in Sources */,
			);
			runOnlyForDeploymentPostprocessing = 0;
		};
/* End PBXSourcesBuildPhase section */

/* Begin PBXVariantGroup section */
		ACC3DFE91FF79DB6006FE429 /* Main.storyboard */ = {
			isa = PBXVariantGroup;
			children = (
				ACC3DFEA1FF79DB6006FE429 /* Base */,
			);
			name = Main.storyboard;
			sourceTree = "<group>";
		};
		ACC3DFEE1FF79DB6006FE429 /* LaunchScreen.storyboard */ = {
			isa = PBXVariantGroup;
			children = (
				ACC3DFEF1FF79DB6006FE429 /* Base */,
			);
			name = LaunchScreen.storyboard;
			sourceTree = "<group>";
		};
/* End PBXVariantGroup section */

/* Begin XCBuildConfiguration section */
		ACC3DFF21FF79DB6006FE429 /* Debug */ = {
			isa = XCBuildConfiguration;
			buildSettings = {
				ALWAYS_SEARCH_USER_PATHS = NO;
				CLANG_ANALYZER_NONNULL = YES;
				CLANG_ANALYZER_NUMBER_OBJECT_CONVERSION = YES_AGGRESSIVE;
				CLANG_CXX_LANGUAGE_STANDARD = "gnu++14";
				CLANG_CXX_LIBRARY = "libc++";
				CLANG_ENABLE_MODULES = YES;
				CLANG_ENABLE_OBJC_ARC = YES;
				CLANG_WARN_BLOCK_CAPTURE_AUTORELEASING = YES;
				CLANG_WARN_BOOL_CONVERSION = YES;
				CLANG_WARN_COMMA = YES;
				CLANG_WARN_CONSTANT_CONVERSION = YES;
				CLANG_WARN_DIRECT_OBJC_ISA_USAGE = YES_ERROR;
				CLANG_WARN_DOCUMENTATION_COMMENTS = YES;
				CLANG_WARN_EMPTY_BODY = YES;
				CLANG_WARN_ENUM_CONVERSION = YES;
				CLANG_WARN_INFINITE_RECURSION = YES;
				CLANG_WARN_INT_CONVERSION = YES;
				CLANG_WARN_NON_LITERAL_NULL_CONVERSION = YES;
				CLANG_WARN_OBJC_LITERAL_CONVERSION = YES;
				CLANG_WARN_OBJC_ROOT_CLASS = YES_ERROR;
				CLANG_WARN_RANGE_LOOP_ANALYSIS = YES;
				CLANG_WARN_STRICT_PROTOTYPES = YES;
				CLANG_WARN_SUSPICIOUS_MOVE = YES;
				CLANG_WARN_UNGUARDED_AVAILABILITY = YES_AGGRESSIVE;
				CLANG_WARN_UNREACHABLE_CODE = YES;
				CLANG_WARN__DUPLICATE_METHOD_MATCH = YES;
				CODE_SIGN_IDENTITY = "iPhone Developer";
				COPY_PHASE_STRIP = NO;
				DEBUG_INFORMATION_FORMAT = dwarf;
				ENABLE_STRICT_OBJC_MSGSEND = YES;
				ENABLE_TESTABILITY = YES;
				GCC_C_LANGUAGE_STANDARD = gnu11;
				GCC_DYNAMIC_NO_PIC = NO;
				GCC_NO_COMMON_BLOCKS = YES;
				GCC_OPTIMIZATION_LEVEL = 0;
				GCC_PREPROCESSOR_DEFINITIONS = (
					"DEBUG=1",
					"$(inherited)",
				);
				GCC_WARN_64_TO_32_BIT_CONVERSION = YES;
				GCC_WARN_ABOUT_RETURN_TYPE = YES_ERROR;
				GCC_WARN_UNDECLARED_SELECTOR = YES;
				GCC_WARN_UNINITIALIZED_AUTOS = YES_AGGRESSIVE;
				GCC_WARN_UNUSED_FUNCTION = YES;
				GCC_WARN_UNUSED_VARIABLE = YES;
				IPHONEOS_DEPLOYMENT_TARGET = 11.2;
				MTL_ENABLE_DEBUG_INFO = YES;
				ONLY_ACTIVE_ARCH = YES;
				SDKROOT = iphoneos;
				SWIFT_ACTIVE_COMPILATION_CONDITIONS = DEBUG;
				SWIFT_OPTIMIZATION_LEVEL = "-Onone";
			};
			name = Debug;
		};
		ACC3DFF31FF79DB6006FE429 /* Release */ = {
			isa = XCBuildConfiguration;
			buildSettings = {
				ALWAYS_SEARCH_USER_PATHS = NO;
				CLANG_ANALYZER_NONNULL = YES;
				CLANG_ANALYZER_NUMBER_OBJECT_CONVERSION = YES_AGGRESSIVE;
				CLANG_CXX_LANGUAGE_STANDARD = "gnu++14";
				CLANG_CXX_LIBRARY = "libc++";
				CLANG_ENABLE_MODULES = YES;
				CLANG_ENABLE_OBJC_ARC = YES;
				CLANG_WARN_BLOCK_CAPTURE_AUTORELEASING = YES;
				CLANG_WARN_BOOL_CONVERSION = YES;
				CLANG_WARN_COMMA = YES;
				CLANG_WARN_CONSTANT_CONVERSION = YES;
				CLANG_WARN_DIRECT_OBJC_ISA_USAGE = YES_ERROR;
				CLANG_WARN_DOCUMENTATION_COMMENTS = YES;
				CLANG_WARN_EMPTY_BODY = YES;
				CLANG_WARN_ENUM_CONVERSION = YES;
				CLANG_WARN_INFINITE_RECURSION = YES;
				CLANG_WARN_INT_CONVERSION = YES;
				CLANG_WARN_NON_LITERAL_NULL_CONVERSION = YES;
				CLANG_WARN_OBJC_LITERAL_CONVERSION = YES;
				CLANG_WARN_OBJC_ROOT_CLASS = YES_ERROR;
				CLANG_WARN_RANGE_LOOP_ANALYSIS = YES;
				CLANG_WARN_STRICT_PROTOTYPES = YES;
				CLANG_WARN_SUSPICIOUS_MOVE = YES;
				CLANG_WARN_UNGUARDED_AVAILABILITY = YES_AGGRESSIVE;
				CLANG_WARN_UNREACHABLE_CODE = YES;
				CLANG_WARN__DUPLICATE_METHOD_MATCH = YES;
				CODE_SIGN_IDENTITY = "iPhone Developer";
				COPY_PHASE_STRIP = NO;
				DEBUG_INFORMATION_FORMAT = "dwarf-with-dsym";
				ENABLE_NS_ASSERTIONS = NO;
				ENABLE_STRICT_OBJC_MSGSEND = YES;
				GCC_C_LANGUAGE_STANDARD = gnu11;
				GCC_NO_COMMON_BLOCKS = YES;
				GCC_WARN_64_TO_32_BIT_CONVERSION = YES;
				GCC_WARN_ABOUT_RETURN_TYPE = YES_ERROR;
				GCC_WARN_UNDECLARED_SELECTOR = YES;
				GCC_WARN_UNINITIALIZED_AUTOS = YES_AGGRESSIVE;
				GCC_WARN_UNUSED_FUNCTION = YES;
				GCC_WARN_UNUSED_VARIABLE = YES;
				IPHONEOS_DEPLOYMENT_TARGET = 11.2;
				MTL_ENABLE_DEBUG_INFO = NO;
				SDKROOT = iphoneos;
				SWIFT_OPTIMIZATION_LEVEL = "-Owholemodule";
				VALIDATE_PRODUCT = YES;
			};
			name = Release;
		};
		ACC3DFF51FF79DB6006FE429 /* Debug */ = {
			isa = XCBuildConfiguration;
			baseConfigurationReference = DA4E60E0875FD7648F0FB994 /* Pods-SingaporePSI.debug.xcconfig */;
			buildSettings = {
				ASSETCATALOG_COMPILER_APPICON_NAME = AppIcon;
				CODE_SIGN_STYLE = Automatic;
				DEVELOPMENT_TEAM = J8FCH4W66R;
				INFOPLIST_FILE = SingaporePSI/Info.plist;
				LD_RUNPATH_SEARCH_PATHS = "$(inherited) @executable_path/Frameworks";
				PRODUCT_BUNDLE_IDENTIFIER = com.mcape.SingaporePSI;
				PRODUCT_NAME = "$(TARGET_NAME)";
				SWIFT_VERSION = 4.0;
				TARGETED_DEVICE_FAMILY = "1,2";
			};
			name = Debug;
		};
		ACC3DFF61FF79DB6006FE429 /* Release */ = {
			isa = XCBuildConfiguration;
			baseConfigurationReference = F50E655A8B1A1D51E36345B1 /* Pods-SingaporePSI.release.xcconfig */;
			buildSettings = {
				ASSETCATALOG_COMPILER_APPICON_NAME = AppIcon;
				CODE_SIGN_STYLE = Automatic;
				DEVELOPMENT_TEAM = J8FCH4W66R;
				INFOPLIST_FILE = SingaporePSI/Info.plist;
				LD_RUNPATH_SEARCH_PATHS = "$(inherited) @executable_path/Frameworks";
				PRODUCT_BUNDLE_IDENTIFIER = com.mcape.SingaporePSI;
				PRODUCT_NAME = "$(TARGET_NAME)";
				SWIFT_VERSION = 4.0;
				TARGETED_DEVICE_FAMILY = "1,2";
			};
			name = Release;
		};
/* End XCBuildConfiguration section */

/* Begin XCConfigurationList section */
		ACC3DFDD1FF79DB6006FE429 /* Build configuration list for PBXProject "SingaporePSI" */ = {
			isa = XCConfigurationList;
			buildConfigurations = (
				ACC3DFF21FF79DB6006FE429 /* Debug */,
				ACC3DFF31FF79DB6006FE429 /* Release */,
			);
			defaultConfigurationIsVisible = 0;
			defaultConfigurationName = Release;
		};
		ACC3DFF41FF79DB6006FE429 /* Build configuration list for PBXNativeTarget "SingaporePSI" */ = {
			isa = XCConfigurationList;
			buildConfigurations = (
				ACC3DFF51FF79DB6006FE429 /* Debug */,
				ACC3DFF61FF79DB6006FE429 /* Release */,
			);
			defaultConfigurationIsVisible = 0;
			defaultConfigurationName = Release;
		};
/* End XCConfigurationList section */
	};
	rootObject = ACC3DFDA1FF79DB6006FE429 /* Project object */;
}
